// !$*UTF8*$!
{
	archiveVersion = 1;
	classes = {
	};
	objectVersion = 56;
	objects = {

/* Begin PBXBuildFile section */
		311184EA2A45C7E400D00483 /* ContactManagerApp.swift in Sources */ = {isa = PBXBuildFile; fileRef = 311184E92A45C7E400D00483 /* ContactManagerApp.swift */; };
		311184EC2A45C7E400D00483 /* ContentView.swift in Sources */ = {isa = PBXBuildFile; fileRef = 311184EB2A45C7E400D00483 /* ContentView.swift */; };
		311184EE2A45C7E600D00483 /* Assets.xcassets in Resources */ = {isa = PBXBuildFile; fileRef = 311184ED2A45C7E600D00483 /* Assets.xcassets */; };
		311184F12A45C7E600D00483 /* Preview Assets.xcassets in Resources */ = {isa = PBXBuildFile; fileRef = 311184F02A45C7E600D00483 /* Preview Assets.xcassets */; };
		311184F32A45C7E600D00483 /* Persistence.swift in Sources */ = {isa = PBXBuildFile; fileRef = 311184F22A45C7E600D00483 /* Persistence.swift */; };
		311184F62A45C7E600D00483 /* Contact.xcdatamodeld in Sources */ = {isa = PBXBuildFile; fileRef = 311184F42A45C7E600D00483 /* Contact.xcdatamodeld */; };
		311185002A45C7E700D00483 /* ContactManagerTests.swift in Sources */ = {isa = PBXBuildFile; fileRef = 311184FF2A45C7E700D00483 /* ContactManagerTests.swift */; };
		3111850A2A45C7E700D00483 /* ContactManagerUITests.swift in Sources */ = {isa = PBXBuildFile; fileRef = 311185092A45C7E700D00483 /* ContactManagerUITests.swift */; };
		3111850C2A45C7E700D00483 /* ContactManagerUITestsLaunchTests.swift in Sources */ = {isa = PBXBuildFile; fileRef = 3111850B2A45C7E700D00483 /* ContactManagerUITestsLaunchTests.swift */; };
		3111851B2A45CCAE00D00483 /* Swinject in Frameworks */ = {isa = PBXBuildFile; productRef = 3111851A2A45CCAE00D00483 /* Swinject */; };
		3111851D2A45CCC500D00483 /* Resolver.swift in Sources */ = {isa = PBXBuildFile; fileRef = 3111851C2A45CCC500D00483 /* Resolver.swift */; };
		3111851F2A45CCDB00D00483 /* IocContactainer.swift in Sources */ = {isa = PBXBuildFile; fileRef = 3111851E2A45CCDB00D00483 /* IocContactainer.swift */; };
		311185272A45CDDD00D00483 /* CoreDataError.swift in Sources */ = {isa = PBXBuildFile; fileRef = 311185262A45CDDD00D00483 /* CoreDataError.swift */; };
		3111852B2A45CEF400D00483 /* CoreDataWrapperProtocol.swift in Sources */ = {isa = PBXBuildFile; fileRef = 3111852A2A45CEF400D00483 /* CoreDataWrapperProtocol.swift */; };
		3111852E2A45CF3A00D00483 /* CoreDataWrapper.swift in Sources */ = {isa = PBXBuildFile; fileRef = 3111852D2A45CF3A00D00483 /* CoreDataWrapper.swift */; };
		311185312A45DECE00D00483 /* ContactDataSourceProtocol.swift in Sources */ = {isa = PBXBuildFile; fileRef = 311185302A45DECE00D00483 /* ContactDataSourceProtocol.swift */; };
		311185342A45E4AD00D00483 /* Contact.swift in Sources */ = {isa = PBXBuildFile; fileRef = 311185332A45E4AD00D00483 /* Contact.swift */; };
		311185372A45E7F300D00483 /* CustomError.swift in Sources */ = {isa = PBXBuildFile; fileRef = 311185362A45E7F300D00483 /* CustomError.swift */; };
		311185392A45F7FB00D00483 /* CoreDataContactDataSource.swift in Sources */ = {isa = PBXBuildFile; fileRef = 311185382A45F7FB00D00483 /* CoreDataContactDataSource.swift */; };
		31EFAD952A46EBD100F93D51 /* GetAllContactsUseCaseProtocol.swift in Sources */ = {isa = PBXBuildFile; fileRef = 31EFAD942A46EBD100F93D51 /* GetAllContactsUseCaseProtocol.swift */; };
		31EFAD972A46EBF600F93D51 /* CreateContactUseCaseProtocol.swift in Sources */ = {isa = PBXBuildFile; fileRef = 31EFAD962A46EBF600F93D51 /* CreateContactUseCaseProtocol.swift */; };
		31EFAD992A46EF2100F93D51 /* DeleteContactUseCaseProtocol.swift in Sources */ = {isa = PBXBuildFile; fileRef = 31EFAD982A46EF2100F93D51 /* DeleteContactUseCaseProtocol.swift */; };
		31EFAD9B2A46EF3100F93D51 /* GetContactUseCaseProtocol.swift in Sources */ = {isa = PBXBuildFile; fileRef = 31EFAD9A2A46EF3100F93D51 /* GetContactUseCaseProtocol.swift */; };
		31EFAD9D2A46EF4700F93D51 /* UpdateContactUseCaseProtocol.swift in Sources */ = {isa = PBXBuildFile; fileRef = 31EFAD9C2A46EF4700F93D51 /* UpdateContactUseCaseProtocol.swift */; };
		31EFADA12A46EFEF00F93D51 /* ContactRepositoryProtocol.swift in Sources */ = {isa = PBXBuildFile; fileRef = 31EFADA02A46EFEF00F93D51 /* ContactRepositoryProtocol.swift */; };
		31EFADA32A47022500F93D51 /* ContactRepository.swift in Sources */ = {isa = PBXBuildFile; fileRef = 31EFADA22A47022500F93D51 /* ContactRepository.swift */; };
		31EFADA72A47071200F93D51 /* CreateContact.swift in Sources */ = {isa = PBXBuildFile; fileRef = 31EFADA62A47071200F93D51 /* CreateContact.swift */; };
		31EFADA92A47080700F93D51 /* UpdateContact.swift in Sources */ = {isa = PBXBuildFile; fileRef = 31EFADA82A47080700F93D51 /* UpdateContact.swift */; };
		31EFADAB2A47082C00F93D51 /* DeleteContact.swift in Sources */ = {isa = PBXBuildFile; fileRef = 31EFADAA2A47082C00F93D51 /* DeleteContact.swift */; };
		31EFADAD2A47084B00F93D51 /* GetAllContacts.swift in Sources */ = {isa = PBXBuildFile; fileRef = 31EFADAC2A47084B00F93D51 /* GetAllContacts.swift */; };
		31EFADAF2A47089C00F93D51 /* GetOneContact.swift in Sources */ = {isa = PBXBuildFile; fileRef = 31EFADAE2A47089C00F93D51 /* GetOneContact.swift */; };
		31EFADB22A47098200F93D51 /* SaveButton.swift in Sources */ = {isa = PBXBuildFile; fileRef = 31EFADB12A47098200F93D51 /* SaveButton.swift */; };
		31EFADB42A4709FE00F93D51 /* TextInput.swift in Sources */ = {isa = PBXBuildFile; fileRef = 31EFADB32A4709FE00F93D51 /* TextInput.swift */; };
		31EFADB62A470A2200F93D51 /* BackButton.swift in Sources */ = {isa = PBXBuildFile; fileRef = 31EFADB52A470A2200F93D51 /* BackButton.swift */; };
		31EFADB82A4736C200F93D51 /* AddButton.swift in Sources */ = {isa = PBXBuildFile; fileRef = 31EFADB72A4736C200F93D51 /* AddButton.swift */; };
		31EFADBC2A473B8B00F93D51 /* ContactCreateViewModel.swift in Sources */ = {isa = PBXBuildFile; fileRef = 31EFADBB2A473B8B00F93D51 /* ContactCreateViewModel.swift */; };
		31EFADBE2A473BB100F93D51 /* ContactCreateView.swift in Sources */ = {isa = PBXBuildFile; fileRef = 31EFADBD2A473BB100F93D51 /* ContactCreateView.swift */; };
		31EFADC12A4746F400F93D51 /* ContactListViewModel.swift in Sources */ = {isa = PBXBuildFile; fileRef = 31EFADC02A4746F400F93D51 /* ContactListViewModel.swift */; };
		31EFADC32A47471200F93D51 /* ContactListView.swift in Sources */ = {isa = PBXBuildFile; fileRef = 31EFADC22A47471200F93D51 /* ContactListView.swift */; };
		31EFADC62A47483300F93D51 /* ContactEditViewModel.swift in Sources */ = {isa = PBXBuildFile; fileRef = 31EFADC52A47483300F93D51 /* ContactEditViewModel.swift */; };
		31EFADC82A4748A500F93D51 /* ContactEditView.swift in Sources */ = {isa = PBXBuildFile; fileRef = 31EFADC72A4748A500F93D51 /* ContactEditView.swift */; };
/* End PBXBuildFile section */

/* Begin PBXContainerItemProxy section */
		311184FC2A45C7E700D00483 /* PBXContainerItemProxy */ = {
			isa = PBXContainerItemProxy;
			containerPortal = 311184DE2A45C7E400D00483 /* Project object */;
			proxyType = 1;
			remoteGlobalIDString = 311184E52A45C7E400D00483;
			remoteInfo = ContactManager;
		};
		311185062A45C7E700D00483 /* PBXContainerItemProxy */ = {
			isa = PBXContainerItemProxy;
			containerPortal = 311184DE2A45C7E400D00483 /* Project object */;
			proxyType = 1;
			remoteGlobalIDString = 311184E52A45C7E400D00483;
			remoteInfo = ContactManager;
		};
/* End PBXContainerItemProxy section */

/* Begin PBXFileReference section */
		311184E62A45C7E400D00483 /* ContactManager.app */ = {isa = PBXFileReference; explicitFileType = wrapper.application; includeInIndex = 0; path = ContactManager.app; sourceTree = BUILT_PRODUCTS_DIR; };
		311184E92A45C7E400D00483 /* ContactManagerApp.swift */ = {isa = PBXFileReference; lastKnownFileType = sourcecode.swift; path = ContactManagerApp.swift; sourceTree = "<group>"; };
		311184EB2A45C7E400D00483 /* ContentView.swift */ = {isa = PBXFileReference; lastKnownFileType = sourcecode.swift; path = ContentView.swift; sourceTree = "<group>"; };
		311184ED2A45C7E600D00483 /* Assets.xcassets */ = {isa = PBXFileReference; lastKnownFileType = folder.assetcatalog; path = Assets.xcassets; sourceTree = "<group>"; };
		311184F02A45C7E600D00483 /* Preview Assets.xcassets */ = {isa = PBXFileReference; lastKnownFileType = folder.assetcatalog; path = "Preview Assets.xcassets"; sourceTree = "<group>"; };
		311184F22A45C7E600D00483 /* Persistence.swift */ = {isa = PBXFileReference; lastKnownFileType = sourcecode.swift; path = Persistence.swift; sourceTree = "<group>"; };
		311184F52A45C7E600D00483 /* ContactManager.xcdatamodel */ = {isa = PBXFileReference; lastKnownFileType = wrapper.xcdatamodel; path = ContactManager.xcdatamodel; sourceTree = "<group>"; };
		311184FB2A45C7E700D00483 /* ContactManagerTests.xctest */ = {isa = PBXFileReference; explicitFileType = wrapper.cfbundle; includeInIndex = 0; path = ContactManagerTests.xctest; sourceTree = BUILT_PRODUCTS_DIR; };
		311184FF2A45C7E700D00483 /* ContactManagerTests.swift */ = {isa = PBXFileReference; lastKnownFileType = sourcecode.swift; path = ContactManagerTests.swift; sourceTree = "<group>"; };
		311185052A45C7E700D00483 /* ContactManagerUITests.xctest */ = {isa = PBXFileReference; explicitFileType = wrapper.cfbundle; includeInIndex = 0; path = ContactManagerUITests.xctest; sourceTree = BUILT_PRODUCTS_DIR; };
		311185092A45C7E700D00483 /* ContactManagerUITests.swift */ = {isa = PBXFileReference; lastKnownFileType = sourcecode.swift; path = ContactManagerUITests.swift; sourceTree = "<group>"; };
		3111850B2A45C7E700D00483 /* ContactManagerUITestsLaunchTests.swift */ = {isa = PBXFileReference; lastKnownFileType = sourcecode.swift; path = ContactManagerUITestsLaunchTests.swift; sourceTree = "<group>"; };
		3111851C2A45CCC500D00483 /* Resolver.swift */ = {isa = PBXFileReference; lastKnownFileType = sourcecode.swift; path = Resolver.swift; sourceTree = "<group>"; };
		3111851E2A45CCDB00D00483 /* IocContactainer.swift */ = {isa = PBXFileReference; lastKnownFileType = sourcecode.swift; path = IocContactainer.swift; sourceTree = "<group>"; };
		311185262A45CDDD00D00483 /* CoreDataError.swift */ = {isa = PBXFileReference; lastKnownFileType = sourcecode.swift; path = CoreDataError.swift; sourceTree = "<group>"; };
		3111852A2A45CEF400D00483 /* CoreDataWrapperProtocol.swift */ = {isa = PBXFileReference; lastKnownFileType = sourcecode.swift; path = CoreDataWrapperProtocol.swift; sourceTree = "<group>"; };
		3111852D2A45CF3A00D00483 /* CoreDataWrapper.swift */ = {isa = PBXFileReference; lastKnownFileType = sourcecode.swift; path = CoreDataWrapper.swift; sourceTree = "<group>"; };
		311185302A45DECE00D00483 /* ContactDataSourceProtocol.swift */ = {isa = PBXFileReference; lastKnownFileType = sourcecode.swift; path = ContactDataSourceProtocol.swift; sourceTree = "<group>"; };
		311185332A45E4AD00D00483 /* Contact.swift */ = {isa = PBXFileReference; lastKnownFileType = sourcecode.swift; path = Contact.swift; sourceTree = "<group>"; };
		311185362A45E7F300D00483 /* CustomError.swift */ = {isa = PBXFileReference; lastKnownFileType = sourcecode.swift; path = CustomError.swift; sourceTree = "<group>"; };
		311185382A45F7FB00D00483 /* CoreDataContactDataSource.swift */ = {isa = PBXFileReference; lastKnownFileType = sourcecode.swift; path = CoreDataContactDataSource.swift; sourceTree = "<group>"; };
		31EFAD942A46EBD100F93D51 /* GetAllContactsUseCaseProtocol.swift */ = {isa = PBXFileReference; lastKnownFileType = sourcecode.swift; path = GetAllContactsUseCaseProtocol.swift; sourceTree = "<group>"; };
		31EFAD962A46EBF600F93D51 /* CreateContactUseCaseProtocol.swift */ = {isa = PBXFileReference; lastKnownFileType = sourcecode.swift; path = CreateContactUseCaseProtocol.swift; sourceTree = "<group>"; };
		31EFAD982A46EF2100F93D51 /* DeleteContactUseCaseProtocol.swift */ = {isa = PBXFileReference; lastKnownFileType = sourcecode.swift; path = DeleteContactUseCaseProtocol.swift; sourceTree = "<group>"; };
		31EFAD9A2A46EF3100F93D51 /* GetContactUseCaseProtocol.swift */ = {isa = PBXFileReference; lastKnownFileType = sourcecode.swift; path = GetContactUseCaseProtocol.swift; sourceTree = "<group>"; };
		31EFAD9C2A46EF4700F93D51 /* UpdateContactUseCaseProtocol.swift */ = {isa = PBXFileReference; lastKnownFileType = sourcecode.swift; path = UpdateContactUseCaseProtocol.swift; sourceTree = "<group>"; };
		31EFADA02A46EFEF00F93D51 /* ContactRepositoryProtocol.swift */ = {isa = PBXFileReference; lastKnownFileType = sourcecode.swift; path = ContactRepositoryProtocol.swift; sourceTree = "<group>"; };
		31EFADA22A47022500F93D51 /* ContactRepository.swift */ = {isa = PBXFileReference; lastKnownFileType = sourcecode.swift; path = ContactRepository.swift; sourceTree = "<group>"; };
		31EFADA62A47071200F93D51 /* CreateContact.swift */ = {isa = PBXFileReference; lastKnownFileType = sourcecode.swift; path = CreateContact.swift; sourceTree = "<group>"; };
		31EFADA82A47080700F93D51 /* UpdateContact.swift */ = {isa = PBXFileReference; lastKnownFileType = sourcecode.swift; path = UpdateContact.swift; sourceTree = "<group>"; };
		31EFADAA2A47082C00F93D51 /* DeleteContact.swift */ = {isa = PBXFileReference; lastKnownFileType = sourcecode.swift; path = DeleteContact.swift; sourceTree = "<group>"; };
		31EFADAC2A47084B00F93D51 /* GetAllContacts.swift */ = {isa = PBXFileReference; lastKnownFileType = sourcecode.swift; path = GetAllContacts.swift; sourceTree = "<group>"; };
		31EFADAE2A47089C00F93D51 /* GetOneContact.swift */ = {isa = PBXFileReference; lastKnownFileType = sourcecode.swift; path = GetOneContact.swift; sourceTree = "<group>"; };
		31EFADB12A47098200F93D51 /* SaveButton.swift */ = {isa = PBXFileReference; lastKnownFileType = sourcecode.swift; path = SaveButton.swift; sourceTree = "<group>"; };
		31EFADB32A4709FE00F93D51 /* TextInput.swift */ = {isa = PBXFileReference; lastKnownFileType = sourcecode.swift; path = TextInput.swift; sourceTree = "<group>"; };
		31EFADB52A470A2200F93D51 /* BackButton.swift */ = {isa = PBXFileReference; lastKnownFileType = sourcecode.swift; path = BackButton.swift; sourceTree = "<group>"; };
		31EFADB72A4736C200F93D51 /* AddButton.swift */ = {isa = PBXFileReference; lastKnownFileType = sourcecode.swift; path = AddButton.swift; sourceTree = "<group>"; };
		31EFADBB2A473B8B00F93D51 /* ContactCreateViewModel.swift */ = {isa = PBXFileReference; lastKnownFileType = sourcecode.swift; path = ContactCreateViewModel.swift; sourceTree = "<group>"; };
		31EFADBD2A473BB100F93D51 /* ContactCreateView.swift */ = {isa = PBXFileReference; lastKnownFileType = sourcecode.swift; path = ContactCreateView.swift; sourceTree = "<group>"; };
		31EFADC02A4746F400F93D51 /* ContactListViewModel.swift */ = {isa = PBXFileReference; lastKnownFileType = sourcecode.swift; path = ContactListViewModel.swift; sourceTree = "<group>"; };
		31EFADC22A47471200F93D51 /* ContactListView.swift */ = {isa = PBXFileReference; lastKnownFileType = sourcecode.swift; path = ContactListView.swift; sourceTree = "<group>"; };
		31EFADC52A47483300F93D51 /* ContactEditViewModel.swift */ = {isa = PBXFileReference; lastKnownFileType = sourcecode.swift; path = ContactEditViewModel.swift; sourceTree = "<group>"; };
		31EFADC72A4748A500F93D51 /* ContactEditView.swift */ = {isa = PBXFileReference; lastKnownFileType = sourcecode.swift; path = ContactEditView.swift; sourceTree = "<group>"; };
/* End PBXFileReference section */

/* Begin PBXFrameworksBuildPhase section */
		311184E32A45C7E400D00483 /* Frameworks */ = {
			isa = PBXFrameworksBuildPhase;
			buildActionMask = 2147483647;
			files = (
				3111851B2A45CCAE00D00483 /* Swinject in Frameworks */,
			);
			runOnlyForDeploymentPostprocessing = 0;
		};
		311184F82A45C7E700D00483 /* Frameworks */ = {
			isa = PBXFrameworksBuildPhase;
			buildActionMask = 2147483647;
			files = (
			);
			runOnlyForDeploymentPostprocessing = 0;
		};
		311185022A45C7E700D00483 /* Frameworks */ = {
			isa = PBXFrameworksBuildPhase;
			buildActionMask = 2147483647;
			files = (
			);
			runOnlyForDeploymentPostprocessing = 0;
		};
/* End PBXFrameworksBuildPhase section */

/* Begin PBXGroup section */
		311184DD2A45C7E400D00483 = {
			isa = PBXGroup;
			children = (
				311184E82A45C7E400D00483 /* ContactManager */,
				311184FE2A45C7E700D00483 /* ContactManagerTests */,
				311185082A45C7E700D00483 /* ContactManagerUITests */,
				311184E72A45C7E400D00483 /* Products */,
			);
			sourceTree = "<group>";
		};
		311184E72A45C7E400D00483 /* Products */ = {
			isa = PBXGroup;
			children = (
				311184E62A45C7E400D00483 /* ContactManager.app */,
				311184FB2A45C7E700D00483 /* ContactManagerTests.xctest */,
				311185052A45C7E700D00483 /* ContactManagerUITests.xctest */,
			);
			name = Products;
			sourceTree = "<group>";
		};
		311184E82A45C7E400D00483 /* ContactManager */ = {
			isa = PBXGroup;
			children = (
				311185182A45CC6700D00483 /* DI */,
				311185202A45CD3800D00483 /* Presentation */,
				311185212A45CD4400D00483 /* Domain */,
				311185222A45CD4C00D00483 /* Data */,
				311184E92A45C7E400D00483 /* ContactManagerApp.swift */,
				311184EB2A45C7E400D00483 /* ContentView.swift */,
				311184ED2A45C7E600D00483 /* Assets.xcassets */,
				311184F22A45C7E600D00483 /* Persistence.swift */,
				311184EF2A45C7E600D00483 /* Preview Content */,
			);
			path = ContactManager;
			sourceTree = "<group>";
		};
		311184EF2A45C7E600D00483 /* Preview Content */ = {
			isa = PBXGroup;
			children = (
				311184F02A45C7E600D00483 /* Preview Assets.xcassets */,
			);
			path = "Preview Content";
			sourceTree = "<group>";
		};
		311184FE2A45C7E700D00483 /* ContactManagerTests */ = {
			isa = PBXGroup;
			children = (
				311184FF2A45C7E700D00483 /* ContactManagerTests.swift */,
			);
			path = ContactManagerTests;
			sourceTree = "<group>";
		};
		311185082A45C7E700D00483 /* ContactManagerUITests */ = {
			isa = PBXGroup;
			children = (
				311185092A45C7E700D00483 /* ContactManagerUITests.swift */,
				3111850B2A45C7E700D00483 /* ContactManagerUITestsLaunchTests.swift */,
			);
			path = ContactManagerUITests;
			sourceTree = "<group>";
		};
		311185182A45CC6700D00483 /* DI */ = {
			isa = PBXGroup;
			children = (
				3111851C2A45CCC500D00483 /* Resolver.swift */,
				3111851E2A45CCDB00D00483 /* IocContactainer.swift */,
			);
			path = DI;
			sourceTree = "<group>";
		};
		311185202A45CD3800D00483 /* Presentation */ = {
			isa = PBXGroup;
			children = (
				31EFADB92A47374200F93D51 /* Contact */,
				31EFADB02A47097600F93D51 /* Components */,
			);
			path = Presentation;
			sourceTree = "<group>";
		};
		311185212A45CD4400D00483 /* Domain */ = {
			isa = PBXGroup;
			children = (
				31EFADA42A4706EC00F93D51 /* UseCases */,
				31EFAD912A46E9FA00F93D51 /* Repositories */,
				31EFAD902A46E9E900F93D51 /* Protocols */,
				311185322A45E4A600D00483 /* Models */,
				311185352A45E7E700D00483 /* Errors */,
			);
			path = Domain;
			sourceTree = "<group>";
		};
		311185222A45CD4C00D00483 /* Data */ = {
			isa = PBXGroup;
			children = (
				311185232A45CD5E00D00483 /* Errors */,
				311185242A45CDB500D00483 /* DataSources */,
				311185252A45CDC800D00483 /* Protocols */,
			);
			path = Data;
			sourceTree = "<group>";
		};
		311185232A45CD5E00D00483 /* Errors */ = {
			isa = PBXGroup;
			children = (
				311185262A45CDDD00D00483 /* CoreDataError.swift */,
			);
			path = Errors;
			sourceTree = "<group>";
		};
		311185242A45CDB500D00483 /* DataSources */ = {
			isa = PBXGroup;
			children = (
				311185282A45CE6900D00483 /* CoreData */,
			);
			path = DataSources;
			sourceTree = "<group>";
		};
		311185252A45CDC800D00483 /* Protocols */ = {
			isa = PBXGroup;
			children = (
				311185292A45CEA500D00483 /* Wrappers */,
				311185302A45DECE00D00483 /* ContactDataSourceProtocol.swift */,
			);
			path = Protocols;
			sourceTree = "<group>";
		};
		311185282A45CE6900D00483 /* CoreData */ = {
			isa = PBXGroup;
			children = (
				3111852C2A45CF2C00D00483 /* Wrappers */,
				3111852F2A45DC6100D00483 /* Entities */,
				311185382A45F7FB00D00483 /* CoreDataContactDataSource.swift */,
			);
			path = CoreData;
			sourceTree = "<group>";
		};
		311185292A45CEA500D00483 /* Wrappers */ = {
			isa = PBXGroup;
			children = (
				3111852A2A45CEF400D00483 /* CoreDataWrapperProtocol.swift */,
			);
			path = Wrappers;
			sourceTree = "<group>";
		};
		3111852C2A45CF2C00D00483 /* Wrappers */ = {
			isa = PBXGroup;
			children = (
				3111852D2A45CF3A00D00483 /* CoreDataWrapper.swift */,
			);
			path = Wrappers;
			sourceTree = "<group>";
		};
		3111852F2A45DC6100D00483 /* Entities */ = {
			isa = PBXGroup;
			children = (
				311184F42A45C7E600D00483 /* Contact.xcdatamodeld */,
			);
			path = Entities;
			sourceTree = "<group>";
		};
		311185322A45E4A600D00483 /* Models */ = {
			isa = PBXGroup;
			children = (
				311185332A45E4AD00D00483 /* Contact.swift */,
			);
			path = Models;
			sourceTree = "<group>";
		};
		311185352A45E7E700D00483 /* Errors */ = {
			isa = PBXGroup;
			children = (
				311185362A45E7F300D00483 /* CustomError.swift */,
			);
			path = Errors;
			sourceTree = "<group>";
		};
		31EFAD902A46E9E900F93D51 /* Protocols */ = {
			isa = PBXGroup;
			children = (
				31EFAD9F2A46EFE400F93D51 /* Repositories */,
				31EFAD922A46EA0300F93D51 /* UseCases */,
			);
			path = Protocols;
			sourceTree = "<group>";
		};
		31EFAD912A46E9FA00F93D51 /* Repositories */ = {
			isa = PBXGroup;
			children = (
				31EFADA22A47022500F93D51 /* ContactRepository.swift */,
			);
			path = Repositories;
			sourceTree = "<group>";
		};
		31EFAD922A46EA0300F93D51 /* UseCases */ = {
			isa = PBXGroup;
			children = (
				31EFAD932A46EA0D00F93D51 /* Contact */,
			);
			path = UseCases;
			sourceTree = "<group>";
		};
		31EFAD932A46EA0D00F93D51 /* Contact */ = {
			isa = PBXGroup;
			children = (
				31EFAD942A46EBD100F93D51 /* GetAllContactsUseCaseProtocol.swift */,
				31EFAD962A46EBF600F93D51 /* CreateContactUseCaseProtocol.swift */,
				31EFAD982A46EF2100F93D51 /* DeleteContactUseCaseProtocol.swift */,
				31EFAD9A2A46EF3100F93D51 /* GetContactUseCaseProtocol.swift */,
				31EFAD9C2A46EF4700F93D51 /* UpdateContactUseCaseProtocol.swift */,
			);
			path = Contact;
			sourceTree = "<group>";
		};
		31EFAD9F2A46EFE400F93D51 /* Repositories */ = {
			isa = PBXGroup;
			children = (
				31EFADA02A46EFEF00F93D51 /* ContactRepositoryProtocol.swift */,
			);
			path = Repositories;
			sourceTree = "<group>";
		};
		31EFADA42A4706EC00F93D51 /* UseCases */ = {
			isa = PBXGroup;
			children = (
				31EFADA52A47070200F93D51 /* Contact */,
			);
			path = UseCases;
			sourceTree = "<group>";
		};
		31EFADA52A47070200F93D51 /* Contact */ = {
			isa = PBXGroup;
			children = (
				31EFADA62A47071200F93D51 /* CreateContact.swift */,
				31EFADA82A47080700F93D51 /* UpdateContact.swift */,
				31EFADAA2A47082C00F93D51 /* DeleteContact.swift */,
				31EFADAC2A47084B00F93D51 /* GetAllContacts.swift */,
				31EFADAE2A47089C00F93D51 /* GetOneContact.swift */,
			);
			path = Contact;
			sourceTree = "<group>";
		};
		31EFADB02A47097600F93D51 /* Components */ = {
			isa = PBXGroup;
			children = (
				31EFADB12A47098200F93D51 /* SaveButton.swift */,
				31EFADB32A4709FE00F93D51 /* TextInput.swift */,
				31EFADB52A470A2200F93D51 /* BackButton.swift */,
				31EFADB72A4736C200F93D51 /* AddButton.swift */,
			);
			path = Components;
			sourceTree = "<group>";
		};
		31EFADB92A47374200F93D51 /* Contact */ = {
			isa = PBXGroup;
			children = (
				31EFADC42A47482800F93D51 /* Edit */,
				31EFADBF2A47462900F93D51 /* List */,
				31EFADBA2A47374B00F93D51 /* Create */,
			);
			path = Contact;
			sourceTree = "<group>";
		};
		31EFADBA2A47374B00F93D51 /* Create */ = {
			isa = PBXGroup;
			children = (
				31EFADBB2A473B8B00F93D51 /* ContactCreateViewModel.swift */,
				31EFADBD2A473BB100F93D51 /* ContactCreateView.swift */,
			);
			path = Create;
			sourceTree = "<group>";
		};
		31EFADBF2A47462900F93D51 /* List */ = {
			isa = PBXGroup;
			children = (
				31EFADC02A4746F400F93D51 /* ContactListViewModel.swift */,
				31EFADC22A47471200F93D51 /* ContactListView.swift */,
			);
			path = List;
			sourceTree = "<group>";
		};
		31EFADC42A47482800F93D51 /* Edit */ = {
			isa = PBXGroup;
			children = (
				31EFADC52A47483300F93D51 /* ContactEditViewModel.swift */,
				31EFADC72A4748A500F93D51 /* ContactEditView.swift */,
			);
			path = Edit;
			sourceTree = "<group>";
		};
/* End PBXGroup section */

/* Begin PBXNativeTarget section */
		311184E52A45C7E400D00483 /* ContactManager */ = {
			isa = PBXNativeTarget;
			buildConfigurationList = 3111850F2A45C7E700D00483 /* Build configuration list for PBXNativeTarget "ContactManager" */;
			buildPhases = (
				311184E22A45C7E400D00483 /* Sources */,
				311184E32A45C7E400D00483 /* Frameworks */,
				311184E42A45C7E400D00483 /* Resources */,
			);
			buildRules = (
			);
			dependencies = (
			);
			name = ContactManager;
			packageProductDependencies = (
				3111851A2A45CCAE00D00483 /* Swinject */,
			);
			productName = ContactManager;
			productReference = 311184E62A45C7E400D00483 /* ContactManager.app */;
			productType = "com.apple.product-type.application";
		};
		311184FA2A45C7E700D00483 /* ContactManagerTests */ = {
			isa = PBXNativeTarget;
			buildConfigurationList = 311185122A45C7E700D00483 /* Build configuration list for PBXNativeTarget "ContactManagerTests" */;
			buildPhases = (
				311184F72A45C7E700D00483 /* Sources */,
				311184F82A45C7E700D00483 /* Frameworks */,
				311184F92A45C7E700D00483 /* Resources */,
			);
			buildRules = (
			);
			dependencies = (
				311184FD2A45C7E700D00483 /* PBXTargetDependency */,
			);
			name = ContactManagerTests;
			productName = ContactManagerTests;
			productReference = 311184FB2A45C7E700D00483 /* ContactManagerTests.xctest */;
			productType = "com.apple.product-type.bundle.unit-test";
		};
		311185042A45C7E700D00483 /* ContactManagerUITests */ = {
			isa = PBXNativeTarget;
			buildConfigurationList = 311185152A45C7E700D00483 /* Build configuration list for PBXNativeTarget "ContactManagerUITests" */;
			buildPhases = (
				311185012A45C7E700D00483 /* Sources */,
				311185022A45C7E700D00483 /* Frameworks */,
				311185032A45C7E700D00483 /* Resources */,
			);
			buildRules = (
			);
			dependencies = (
				311185072A45C7E700D00483 /* PBXTargetDependency */,
			);
			name = ContactManagerUITests;
			productName = ContactManagerUITests;
			productReference = 311185052A45C7E700D00483 /* ContactManagerUITests.xctest */;
			productType = "com.apple.product-type.bundle.ui-testing";
		};
/* End PBXNativeTarget section */

/* Begin PBXProject section */
		311184DE2A45C7E400D00483 /* Project object */ = {
			isa = PBXProject;
			attributes = {
				BuildIndependentTargetsInParallel = 1;
				LastSwiftUpdateCheck = 1430;
				LastUpgradeCheck = 1430;
				TargetAttributes = {
					311184E52A45C7E400D00483 = {
						CreatedOnToolsVersion = 14.3;
					};
					311184FA2A45C7E700D00483 = {
						CreatedOnToolsVersion = 14.3;
						TestTargetID = 311184E52A45C7E400D00483;
					};
					311185042A45C7E700D00483 = {
						CreatedOnToolsVersion = 14.3;
						TestTargetID = 311184E52A45C7E400D00483;
					};
				};
			};
			buildConfigurationList = 311184E12A45C7E400D00483 /* Build configuration list for PBXProject "ContactManager" */;
			compatibilityVersion = "Xcode 14.0";
			developmentRegion = en;
			hasScannedForEncodings = 0;
			knownRegions = (
				en,
				Base,
			);
			mainGroup = 311184DD2A45C7E400D00483;
			packageReferences = (
				311185192A45CCAE00D00483 /* XCRemoteSwiftPackageReference "Swinject" */,
			);
			productRefGroup = 311184E72A45C7E400D00483 /* Products */;
			projectDirPath = "";
			projectRoot = "";
			targets = (
				311184E52A45C7E400D00483 /* ContactManager */,
				311184FA2A45C7E700D00483 /* ContactManagerTests */,
				311185042A45C7E700D00483 /* ContactManagerUITests */,
			);
		};
/* End PBXProject section */

/* Begin PBXResourcesBuildPhase section */
		311184E42A45C7E400D00483 /* Resources */ = {
			isa = PBXResourcesBuildPhase;
			buildActionMask = 2147483647;
			files = (
				311184F12A45C7E600D00483 /* Preview Assets.xcassets in Resources */,
				311184EE2A45C7E600D00483 /* Assets.xcassets in Resources */,
			);
			runOnlyForDeploymentPostprocessing = 0;
		};
		311184F92A45C7E700D00483 /* Resources */ = {
			isa = PBXResourcesBuildPhase;
			buildActionMask = 2147483647;
			files = (
			);
			runOnlyForDeploymentPostprocessing = 0;
		};
		311185032A45C7E700D00483 /* Resources */ = {
			isa = PBXResourcesBuildPhase;
			buildActionMask = 2147483647;
			files = (
			);
			runOnlyForDeploymentPostprocessing = 0;
		};
/* End PBXResourcesBuildPhase section */

/* Begin PBXSourcesBuildPhase section */
		311184E22A45C7E400D00483 /* Sources */ = {
			isa = PBXSourcesBuildPhase;
			buildActionMask = 2147483647;
			files = (
				3111851D2A45CCC500D00483 /* Resolver.swift in Sources */,
				311184F32A45C7E600D00483 /* Persistence.swift in Sources */,
				31EFADB22A47098200F93D51 /* SaveButton.swift in Sources */,
				31EFAD972A46EBF600F93D51 /* CreateContactUseCaseProtocol.swift in Sources */,
				31EFAD992A46EF2100F93D51 /* DeleteContactUseCaseProtocol.swift in Sources */,
				3111852E2A45CF3A00D00483 /* CoreDataWrapper.swift in Sources */,
				311185312A45DECE00D00483 /* ContactDataSourceProtocol.swift in Sources */,
				31EFADBC2A473B8B00F93D51 /* ContactCreateViewModel.swift in Sources */,
				311184EC2A45C7E400D00483 /* ContentView.swift in Sources */,
				31EFADC12A4746F400F93D51 /* ContactListViewModel.swift in Sources */,
				31EFADAF2A47089C00F93D51 /* GetOneContact.swift in Sources */,
				311185372A45E7F300D00483 /* CustomError.swift in Sources */,
				31EFADC82A4748A500F93D51 /* ContactEditView.swift in Sources */,
				311184F62A45C7E600D00483 /* Contact.xcdatamodeld in Sources */,
				31EFADB82A4736C200F93D51 /* AddButton.swift in Sources */,
				31EFADA12A46EFEF00F93D51 /* ContactRepositoryProtocol.swift in Sources */,
				31EFADB62A470A2200F93D51 /* BackButton.swift in Sources */,
				31EFAD9D2A46EF4700F93D51 /* UpdateContactUseCaseProtocol.swift in Sources */,
				31EFADBE2A473BB100F93D51 /* ContactCreateView.swift in Sources */,
				311185342A45E4AD00D00483 /* Contact.swift in Sources */,
				3111851F2A45CCDB00D00483 /* IocContactainer.swift in Sources */,
				31EFAD952A46EBD100F93D51 /* GetAllContactsUseCaseProtocol.swift in Sources */,
				31EFADA32A47022500F93D51 /* ContactRepository.swift in Sources */,
				311184EA2A45C7E400D00483 /* ContactManagerApp.swift in Sources */,
				31EFADA72A47071200F93D51 /* CreateContact.swift in Sources */,
				31EFADA92A47080700F93D51 /* UpdateContact.swift in Sources */,
				31EFAD9B2A46EF3100F93D51 /* GetContactUseCaseProtocol.swift in Sources */,
				3111852B2A45CEF400D00483 /* CoreDataWrapperProtocol.swift in Sources */,
				31EFADC62A47483300F93D51 /* ContactEditViewModel.swift in Sources */,
				31EFADAB2A47082C00F93D51 /* DeleteContact.swift in Sources */,
				31EFADB42A4709FE00F93D51 /* TextInput.swift in Sources */,
				311185392A45F7FB00D00483 /* CoreDataContactDataSource.swift in Sources */,
				31EFADC32A47471200F93D51 /* ContactListView.swift in Sources */,
				311185272A45CDDD00D00483 /* CoreDataError.swift in Sources */,
				31EFADAD2A47084B00F93D51 /* GetAllContacts.swift in Sources */,
			);
			runOnlyForDeploymentPostprocessing = 0;
		};
		311184F72A45C7E700D00483 /* Sources */ = {
			isa = PBXSourcesBuildPhase;
			buildActionMask = 2147483647;
			files = (
				311185002A45C7E700D00483 /* ContactManagerTests.swift in Sources */,
			);
			runOnlyForDeploymentPostprocessing = 0;
		};
		311185012A45C7E700D00483 /* Sources */ = {
			isa = PBXSourcesBuildPhase;
			buildActionMask = 2147483647;
			files = (
				3111850A2A45C7E700D00483 /* ContactManagerUITests.swift in Sources */,
				3111850C2A45C7E700D00483 /* ContactManagerUITestsLaunchTests.swift in Sources */,
			);
			runOnlyForDeploymentPostprocessing = 0;
		};
/* End PBXSourcesBuildPhase section */

/* Begin PBXTargetDependency section */
		311184FD2A45C7E700D00483 /* PBXTargetDependency */ = {
			isa = PBXTargetDependency;
			target = 311184E52A45C7E400D00483 /* ContactManager */;
			targetProxy = 311184FC2A45C7E700D00483 /* PBXContainerItemProxy */;
		};
		311185072A45C7E700D00483 /* PBXTargetDependency */ = {
			isa = PBXTargetDependency;
			target = 311184E52A45C7E400D00483 /* ContactManager */;
			targetProxy = 311185062A45C7E700D00483 /* PBXContainerItemProxy */;
		};
/* End PBXTargetDependency section */

/* Begin XCBuildConfiguration section */
		3111850D2A45C7E700D00483 /* Debug */ = {
			isa = XCBuildConfiguration;
			buildSettings = {
				ALWAYS_SEARCH_USER_PATHS = NO;
				CLANG_ANALYZER_NONNULL = YES;
				CLANG_ANALYZER_NUMBER_OBJECT_CONVERSION = YES_AGGRESSIVE;
				CLANG_CXX_LANGUAGE_STANDARD = "gnu++20";
				CLANG_ENABLE_MODULES = YES;
				CLANG_ENABLE_OBJC_ARC = YES;
				CLANG_ENABLE_OBJC_WEAK = YES;
				CLANG_WARN_BLOCK_CAPTURE_AUTORELEASING = YES;
				CLANG_WARN_BOOL_CONVERSION = YES;
				CLANG_WARN_COMMA = YES;
				CLANG_WARN_CONSTANT_CONVERSION = YES;
				CLANG_WARN_DEPRECATED_OBJC_IMPLEMENTATIONS = YES;
				CLANG_WARN_DIRECT_OBJC_ISA_USAGE = YES_ERROR;
				CLANG_WARN_DOCUMENTATION_COMMENTS = YES;
				CLANG_WARN_EMPTY_BODY = YES;
				CLANG_WARN_ENUM_CONVERSION = YES;
				CLANG_WARN_INFINITE_RECURSION = YES;
				CLANG_WARN_INT_CONVERSION = YES;
				CLANG_WARN_NON_LITERAL_NULL_CONVERSION = YES;
				CLANG_WARN_OBJC_IMPLICIT_RETAIN_SELF = YES;
				CLANG_WARN_OBJC_LITERAL_CONVERSION = YES;
				CLANG_WARN_OBJC_ROOT_CLASS = YES_ERROR;
				CLANG_WARN_QUOTED_INCLUDE_IN_FRAMEWORK_HEADER = YES;
				CLANG_WARN_RANGE_LOOP_ANALYSIS = YES;
				CLANG_WARN_STRICT_PROTOTYPES = YES;
				CLANG_WARN_SUSPICIOUS_MOVE = YES;
				CLANG_WARN_UNGUARDED_AVAILABILITY = YES_AGGRESSIVE;
				CLANG_WARN_UNREACHABLE_CODE = YES;
				CLANG_WARN__DUPLICATE_METHOD_MATCH = YES;
				COPY_PHASE_STRIP = NO;
				DEBUG_INFORMATION_FORMAT = dwarf;
				ENABLE_STRICT_OBJC_MSGSEND = YES;
				ENABLE_TESTABILITY = YES;
				GCC_C_LANGUAGE_STANDARD = gnu11;
				GCC_DYNAMIC_NO_PIC = NO;
				GCC_NO_COMMON_BLOCKS = YES;
				GCC_OPTIMIZATION_LEVEL = 0;
				GCC_PREPROCESSOR_DEFINITIONS = (
					"DEBUG=1",
					"$(inherited)",
				);
				GCC_WARN_64_TO_32_BIT_CONVERSION = YES;
				GCC_WARN_ABOUT_RETURN_TYPE = YES_ERROR;
				GCC_WARN_UNDECLARED_SELECTOR = YES;
				GCC_WARN_UNINITIALIZED_AUTOS = YES_AGGRESSIVE;
				GCC_WARN_UNUSED_FUNCTION = YES;
				GCC_WARN_UNUSED_VARIABLE = YES;
				IPHONEOS_DEPLOYMENT_TARGET = 16.4;
				MTL_ENABLE_DEBUG_INFO = INCLUDE_SOURCE;
				MTL_FAST_MATH = YES;
				ONLY_ACTIVE_ARCH = YES;
				SDKROOT = iphoneos;
				SWIFT_ACTIVE_COMPILATION_CONDITIONS = DEBUG;
				SWIFT_OPTIMIZATION_LEVEL = "-Onone";
			};
			name = Debug;
		};
		3111850E2A45C7E700D00483 /* Release */ = {
			isa = XCBuildConfiguration;
			buildSettings = {
				ALWAYS_SEARCH_USER_PATHS = NO;
				CLANG_ANALYZER_NONNULL = YES;
				CLANG_ANALYZER_NUMBER_OBJECT_CONVERSION = YES_AGGRESSIVE;
				CLANG_CXX_LANGUAGE_STANDARD = "gnu++20";
				CLANG_ENABLE_MODULES = YES;
				CLANG_ENABLE_OBJC_ARC = YES;
				CLANG_ENABLE_OBJC_WEAK = YES;
				CLANG_WARN_BLOCK_CAPTURE_AUTORELEASING = YES;
				CLANG_WARN_BOOL_CONVERSION = YES;
				CLANG_WARN_COMMA = YES;
				CLANG_WARN_CONSTANT_CONVERSION = YES;
				CLANG_WARN_DEPRECATED_OBJC_IMPLEMENTATIONS = YES;
				CLANG_WARN_DIRECT_OBJC_ISA_USAGE = YES_ERROR;
				CLANG_WARN_DOCUMENTATION_COMMENTS = YES;
				CLANG_WARN_EMPTY_BODY = YES;
				CLANG_WARN_ENUM_CONVERSION = YES;
				CLANG_WARN_INFINITE_RECURSION = YES;
				CLANG_WARN_INT_CONVERSION = YES;
				CLANG_WARN_NON_LITERAL_NULL_CONVERSION = YES;
				CLANG_WARN_OBJC_IMPLICIT_RETAIN_SELF = YES;
				CLANG_WARN_OBJC_LITERAL_CONVERSION = YES;
				CLANG_WARN_OBJC_ROOT_CLASS = YES_ERROR;
				CLANG_WARN_QUOTED_INCLUDE_IN_FRAMEWORK_HEADER = YES;
				CLANG_WARN_RANGE_LOOP_ANALYSIS = YES;
				CLANG_WARN_STRICT_PROTOTYPES = YES;
				CLANG_WARN_SUSPICIOUS_MOVE = YES;
				CLANG_WARN_UNGUARDED_AVAILABILITY = YES_AGGRESSIVE;
				CLANG_WARN_UNREACHABLE_CODE = YES;
				CLANG_WARN__DUPLICATE_METHOD_MATCH = YES;
				COPY_PHASE_STRIP = NO;
				DEBUG_INFORMATION_FORMAT = "dwarf-with-dsym";
				ENABLE_NS_ASSERTIONS = NO;
				ENABLE_STRICT_OBJC_MSGSEND = YES;
				GCC_C_LANGUAGE_STANDARD = gnu11;
				GCC_NO_COMMON_BLOCKS = YES;
				GCC_WARN_64_TO_32_BIT_CONVERSION = YES;
				GCC_WARN_ABOUT_RETURN_TYPE = YES_ERROR;
				GCC_WARN_UNDECLARED_SELECTOR = YES;
				GCC_WARN_UNINITIALIZED_AUTOS = YES_AGGRESSIVE;
				GCC_WARN_UNUSED_FUNCTION = YES;
				GCC_WARN_UNUSED_VARIABLE = YES;
				IPHONEOS_DEPLOYMENT_TARGET = 16.4;
				MTL_ENABLE_DEBUG_INFO = NO;
				MTL_FAST_MATH = YES;
				SDKROOT = iphoneos;
				SWIFT_COMPILATION_MODE = wholemodule;
				SWIFT_OPTIMIZATION_LEVEL = "-O";
				VALIDATE_PRODUCT = YES;
			};
			name = Release;
		};
		311185102A45C7E700D00483 /* Debug */ = {
			isa = XCBuildConfiguration;
			buildSettings = {
				ASSETCATALOG_COMPILER_APPICON_NAME = AppIcon;
				ASSETCATALOG_COMPILER_GLOBAL_ACCENT_COLOR_NAME = AccentColor;
				CODE_SIGN_STYLE = Automatic;
				CURRENT_PROJECT_VERSION = 1;
				DEVELOPMENT_ASSET_PATHS = "\"ContactManager/Preview Content\"";
				ENABLE_PREVIEWS = YES;
				GENERATE_INFOPLIST_FILE = YES;
				INFOPLIST_KEY_UIApplicationSceneManifest_Generation = YES;
				INFOPLIST_KEY_UIApplicationSupportsIndirectInputEvents = YES;
				INFOPLIST_KEY_UILaunchScreen_Generation = YES;
				INFOPLIST_KEY_UISupportedInterfaceOrientations_iPad = "UIInterfaceOrientationPortrait UIInterfaceOrientationPortraitUpsideDown UIInterfaceOrientationLandscapeLeft UIInterfaceOrientationLandscapeRight";
				INFOPLIST_KEY_UISupportedInterfaceOrientations_iPhone = "UIInterfaceOrientationPortrait UIInterfaceOrientationLandscapeLeft UIInterfaceOrientationLandscapeRight";
				LD_RUNPATH_SEARCH_PATHS = (
					"$(inherited)",
					"@executable_path/Frameworks",
				);
				MARKETING_VERSION = 1.0;
				PRODUCT_BUNDLE_IDENTIFIER = naylinn.dev.ContactManager;
				PRODUCT_NAME = "$(TARGET_NAME)";
				SWIFT_EMIT_LOC_STRINGS = YES;
				SWIFT_VERSION = 5.0;
				TARGETED_DEVICE_FAMILY = "1,2";
			};
			name = Debug;
		};
		311185112A45C7E700D00483 /* Release */ = {
			isa = XCBuildConfiguration;
			buildSettings = {
				ASSETCATALOG_COMPILER_APPICON_NAME = AppIcon;
				ASSETCATALOG_COMPILER_GLOBAL_ACCENT_COLOR_NAME = AccentColor;
				CODE_SIGN_STYLE = Automatic;
				CURRENT_PROJECT_VERSION = 1;
				DEVELOPMENT_ASSET_PATHS = "\"ContactManager/Preview Content\"";
				ENABLE_PREVIEWS = YES;
				GENERATE_INFOPLIST_FILE = YES;
				INFOPLIST_KEY_UIApplicationSceneManifest_Generation = YES;
				INFOPLIST_KEY_UIApplicationSupportsIndirectInputEvents = YES;
				INFOPLIST_KEY_UILaunchScreen_Generation = YES;
				INFOPLIST_KEY_UISupportedInterfaceOrientations_iPad = "UIInterfaceOrientationPortrait UIInterfaceOrientationPortraitUpsideDown UIInterfaceOrientationLandscapeLeft UIInterfaceOrientationLandscapeRight";
				INFOPLIST_KEY_UISupportedInterfaceOrientations_iPhone = "UIInterfaceOrientationPortrait UIInterfaceOrientationLandscapeLeft UIInterfaceOrientationLandscapeRight";
				LD_RUNPATH_SEARCH_PATHS = (
					"$(inherited)",
					"@executable_path/Frameworks",
				);
				MARKETING_VERSION = 1.0;
				PRODUCT_BUNDLE_IDENTIFIER = naylinn.dev.ContactManager;
				PRODUCT_NAME = "$(TARGET_NAME)";
				SWIFT_EMIT_LOC_STRINGS = YES;
				SWIFT_VERSION = 5.0;
				TARGETED_DEVICE_FAMILY = "1,2";
			};
			name = Release;
		};
		311185132A45C7E700D00483 /* Debug */ = {
			isa = XCBuildConfiguration;
			buildSettings = {
				ALWAYS_EMBED_SWIFT_STANDARD_LIBRARIES = YES;
				BUNDLE_LOADER = "$(TEST_HOST)";
				CODE_SIGN_STYLE = Automatic;
				CURRENT_PROJECT_VERSION = 1;
				GENERATE_INFOPLIST_FILE = YES;
				IPHONEOS_DEPLOYMENT_TARGET = 16.4;
				MARKETING_VERSION = 1.0;
				PRODUCT_BUNDLE_IDENTIFIER = naylinn.dev.ContactManagerTests;
				PRODUCT_NAME = "$(TARGET_NAME)";
				SWIFT_EMIT_LOC_STRINGS = NO;
				SWIFT_VERSION = 5.0;
				TARGETED_DEVICE_FAMILY = "1,2";
				TEST_HOST = "$(BUILT_PRODUCTS_DIR)/ContactManager.app/$(BUNDLE_EXECUTABLE_FOLDER_PATH)/ContactManager";
			};
			name = Debug;
		};
		311185142A45C7E700D00483 /* Release */ = {
			isa = XCBuildConfiguration;
			buildSettings = {
				ALWAYS_EMBED_SWIFT_STANDARD_LIBRARIES = YES;
				BUNDLE_LOADER = "$(TEST_HOST)";
				CODE_SIGN_STYLE = Automatic;
				CURRENT_PROJECT_VERSION = 1;
				GENERATE_INFOPLIST_FILE = YES;
				IPHONEOS_DEPLOYMENT_TARGET = 16.4;
				MARKETING_VERSION = 1.0;
				PRODUCT_BUNDLE_IDENTIFIER = naylinn.dev.ContactManagerTests;
				PRODUCT_NAME = "$(TARGET_NAME)";
				SWIFT_EMIT_LOC_STRINGS = NO;
				SWIFT_VERSION = 5.0;
				TARGETED_DEVICE_FAMILY = "1,2";
				TEST_HOST = "$(BUILT_PRODUCTS_DIR)/ContactManager.app/$(BUNDLE_EXECUTABLE_FOLDER_PATH)/ContactManager";
			};
			name = Release;
		};
		311185162A45C7E700D00483 /* Debug */ = {
			isa = XCBuildConfiguration;
			buildSettings = {
				ALWAYS_EMBED_SWIFT_STANDARD_LIBRARIES = YES;
				CODE_SIGN_STYLE = Automatic;
				CURRENT_PROJECT_VERSION = 1;
				GENERATE_INFOPLIST_FILE = YES;
				MARKETING_VERSION = 1.0;
				PRODUCT_BUNDLE_IDENTIFIER = naylinn.dev.ContactManagerUITests;
				PRODUCT_NAME = "$(TARGET_NAME)";
				SWIFT_EMIT_LOC_STRINGS = NO;
				SWIFT_VERSION = 5.0;
				TARGETED_DEVICE_FAMILY = "1,2";
				TEST_TARGET_NAME = ContactManager;
			};
			name = Debug;
		};
		311185172A45C7E700D00483 /* Release */ = {
			isa = XCBuildConfiguration;
			buildSettings = {
				ALWAYS_EMBED_SWIFT_STANDARD_LIBRARIES = YES;
				CODE_SIGN_STYLE = Automatic;
				CURRENT_PROJECT_VERSION = 1;
				GENERATE_INFOPLIST_FILE = YES;
				MARKETING_VERSION = 1.0;
				PRODUCT_BUNDLE_IDENTIFIER = naylinn.dev.ContactManagerUITests;
				PRODUCT_NAME = "$(TARGET_NAME)";
				SWIFT_EMIT_LOC_STRINGS = NO;
				SWIFT_VERSION = 5.0;
				TARGETED_DEVICE_FAMILY = "1,2";
				TEST_TARGET_NAME = ContactManager;
			};
			name = Release;
		};
/* End XCBuildConfiguration section */

/* Begin XCConfigurationList section */
		311184E12A45C7E400D00483 /* Build configuration list for PBXProject "ContactManager" */ = {
			isa = XCConfigurationList;
			buildConfigurations = (
				3111850D2A45C7E700D00483 /* Debug */,
				3111850E2A45C7E700D00483 /* Release */,
			);
			defaultConfigurationIsVisible = 0;
			defaultConfigurationName = Release;
		};
		3111850F2A45C7E700D00483 /* Build configuration list for PBXNativeTarget "ContactManager" */ = {
			isa = XCConfigurationList;
			buildConfigurations = (
				311185102A45C7E700D00483 /* Debug */,
				311185112A45C7E700D00483 /* Release */,
			);
			defaultConfigurationIsVisible = 0;
			defaultConfigurationName = Release;
		};
		311185122A45C7E700D00483 /* Build configuration list for PBXNativeTarget "ContactManagerTests" */ = {
			isa = XCConfigurationList;
			buildConfigurations = (
				311185132A45C7E700D00483 /* Debug */,
				311185142A45C7E700D00483 /* Release */,
			);
			defaultConfigurationIsVisible = 0;
			defaultConfigurationName = Release;
		};
		311185152A45C7E700D00483 /* Build configuration list for PBXNativeTarget "ContactManagerUITests" */ = {
			isa = XCConfigurationList;
			buildConfigurations = (
				311185162A45C7E700D00483 /* Debug */,
				311185172A45C7E700D00483 /* Release */,
			);
			defaultConfigurationIsVisible = 0;
			defaultConfigurationName = Release;
		};
/* End XCConfigurationList section */

/* Begin XCRemoteSwiftPackageReference section */
		311185192A45CCAE00D00483 /* XCRemoteSwiftPackageReference "Swinject" */ = {
			isa = XCRemoteSwiftPackageReference;
			repositoryURL = "https://github.com/Swinject/Swinject";
			requirement = {
				kind = upToNextMajorVersion;
				minimumVersion = 2.0.0;
			};
		};
/* End XCRemoteSwiftPackageReference section */

/* Begin XCSwiftPackageProductDependency section */
		3111851A2A45CCAE00D00483 /* Swinject */ = {
			isa = XCSwiftPackageProductDependency;
			package = 311185192A45CCAE00D00483 /* XCRemoteSwiftPackageReference "Swinject" */;
			productName = Swinject;
		};
/* End XCSwiftPackageProductDependency section */

/* Begin XCVersionGroup section */
		311184F42A45C7E600D00483 /* Contact.xcdatamodeld */ = {
			isa = XCVersionGroup;
			children = (
				311184F52A45C7E600D00483 /* ContactManager.xcdatamodel */,
			);
			currentVersion = 311184F52A45C7E600D00483 /* ContactManager.xcdatamodel */;
			path = Contact.xcdatamodeld;
			sourceTree = "<group>";
			versionGroupType = wrapper.xcdatamodel;
		};
/* End XCVersionGroup section */
	};
	rootObject = 311184DE2A45C7E400D00483 /* Project object */;
}
